github.com/LdDl/ch v1.7.7 h1:jTrqlG0IaTEnL9AUL6TOCsybHKtUwEm+I1sdvL6owsk=
github.com/LdDl/ch v1.7.7/go.mod h1:i6JXvviI4GnJRTctKKVo6A0PzqaxaTHKvXhHgqVwFRY=
github.com/pkg/errors v0.9.1 h1:FEBLx1zS214owpjy7qsBeixbURkuhQAwrK5UwLGTwt4=
github.com/pkg/errors v0.9.1/go.mod h1:bwawxfHBFNV+L2hUp1rHADufV3IMtnDRdf1r5NINEl0=
